<?xml version="1.0" encoding="utf-8"?>
<Project ToolsVersion="4.0" xmlns="http://schemas.microsoft.com/developer/msbuild/2003">
  <ItemGroup>
    <Filter Include="Source Files">
      <UniqueIdentifier>{4FC737F1-C7A5-4376-A066-2A32D752A2FF}</UniqueIdentifier>
      <Extensions>cpp;c;cc;cxx;def;odl;idl;hpj;bat;asm;asmx</Extensions>
    </Filter>
    <Filter Include="Header Files">
      <UniqueIdentifier>{93995380-89BD-4b04-88EB-625FBE52EBFB}</UniqueIdentifier>
      <Extensions>h;hpp;hxx;hm;inl;inc;xsd</Extensions>
    </Filter>
    <Filter Include="Resource Files">
      <UniqueIdentifier>{67DA6AB6-F800-4c08-8B7A-83BB121AAD01}</UniqueIdentifier>
      <Extensions>rc;ico;cur;bmp;dlg;rc2;rct;bin;rgs;gif;jpg;jpeg;jpe;resx;tiff;tif;png;wav;mfcribbon-ms</Extensions>
    </Filter>
  </ItemGroup>
  <ItemGroup>
    <ClInclude Include="autocomptr.h">
      <Filter>Header Files</Filter>
    </ClInclude>
    <ClInclude Include="scopedcominitialisation.h">
      <Filter>Header Files</Filter>
    </ClInclude>
    <ClInclude Include="textrenderer.h">
      <Filter>Header Files</Filter>
    </ClInclude>
    <ClInclude Include="ffutils.h">
      <Filter>Header Files</Filter>
    </ClInclude>
    <ClInclude Include="types.h">
      <Filter>Header Files</Filter>
    </ClInclude>
    <ClInclude Include="audiothread.h">
      <Filter>Header Files</Filter>
    </ClInclude>
    <ClInclude Include="decodingthread.h">
      <Filter>Header Files</Filter>
    </ClInclude>
    <ClInclude Include="audiodecodingthread.h">
      <Filter>Header Files</Filter>
    </ClInclude>
    <ClInclude Include="videodecodingthread.h">
      <Filter>Header Files</Filter>
    </ClInclude>
    <ClInclude Include="packetsink.h">
      <Filter>Header Files</Filter>
    </ClInclude>
    <ClInclude Include="videoplayerengine.h">
      <Filter>Header Files</Filter>
    </ClInclude>
    <ClInclude Include="videorenderer.h">
      <Filter>Header Files</Filter>
    </ClInclude>
    <ClInclude Include="iclocksource.h">
      <Filter>Header Files</Filter>
    </ClInclude>
    <ClInclude Include="videorendererstats.h">
      <Filter>Header Files</Filter>
    </ClInclude>
    <ClInclude Include="ivideoqueue.h">
      <Filter>Header Files</Filter>
    </ClInclude>
    <ClInclude Include="subtitledecodingthread.h">
      <Filter>Header Files</Filter>
    </ClInclude>
    <ClInclude Include="isubtitlequeue.h">
      <Filter>Header Files</Filter>
    </ClInclude>
    <ClInclude Include="subtitlerenderer.h">
      <Filter>Header Files</Filter>
    </ClInclude>
    <ClInclude Include="objectpool.h">
      <Filter>Header Files</Filter>
    </ClInclude>
  </ItemGroup>
  <ItemGroup>
    <ClCompile Include="videoplayerengine.cpp">
      <Filter>Source Files</Filter>
    </ClCompile>
    <ClCompile Include="scopedcominitialisation.cpp">
      <Filter>Source Files</Filter>
    </ClCompile>
    <ClCompile Include="textrenderer.cpp">
      <Filter>Source Files</Filter>
    </ClCompile>
    <ClCompile Include="ffutils.cpp">
      <Filter>Source Files</Filter>
    </ClCompile>
    <ClCompile Include="types.cpp">
      <Filter>Source Files</Filter>
    </ClCompile>
    <ClCompile Include="audiothread.cpp">
      <Filter>Source Files</Filter>
    </ClCompile>
    <ClCompile Include="decodingthread.cpp">
      <Filter>Source Files</Filter>
    </ClCompile>
    <ClCompile Include="audiodecodingthread.cpp">
      <Filter>Source Files</Filter>
    </ClCompile>
    <ClCompile Include="videodecodingthread.cpp">
      <Filter>Source Files</Filter>
    </ClCompile>
    <ClCompile Include="packetsink.cpp">
      <Filter>Source Files</Filter>
    </ClCompile>
    <ClCompile Include="enginedll.cpp">
      <Filter>Source Files</Filter>
    </ClCompile>
    <ClCompile Include="videorenderer.cpp">
      <Filter>Source Files</Filter>
    </ClCompile>
    <ClCompile Include="videorendererstats.cpp">
      <Filter>Source Files</Filter>
    </ClCompile>
    <ClCompile Include="subtitledecodingthread.cpp">
      <Filter>Source Files</Filter>
    </ClCompile>
    <ClCompile Include="subtitilerenderer.cpp">
      <Filter>Source Files</Filter>
    </ClCompile>
  </ItemGroup>
  <ItemGroup>
    <None Include="YCbCr-420p_to_RGB888.frag">
      <Filter>Source Files</Filter>
    </None>
    <None Include="YCbCr-420p_to_RGB888.vert">
      <Filter>Source Files</Filter>
    </None>
  </ItemGroup>
</Project>