<?xml version="1.0" encoding="utf-8"?>
<Project ToolsVersion="4.0" xmlns="http://schemas.microsoft.com/developer/msbuild/2003">
  <ItemGroup>
    <Filter Include="Source Files">
      <UniqueIdentifier>{4FC737F1-C7A5-4376-A066-2A32D752A2FF}</UniqueIdentifier>
      <Extensions>cpp;c;cc;cxx;def;odl;idl;hpj;bat;asm;asmx</Extensions>
    </Filter>
    <Filter Include="Header Files">
      <UniqueIdentifier>{93995380-89BD-4b04-88EB-625FBE52EBFB}</UniqueIdentifier>
      <Extensions>h;hpp;hxx;hm;inl;inc;xsd</Extensions>
    </Filter>
    <Filter Include="Resource Files">
      <UniqueIdentifier>{67DA6AB6-F800-4c08-8B7A-83BB121AAD01}</UniqueIdentifier>
      <Extensions>rc;ico;cur;bmp;dlg;rc2;rct;bin;rgs;gif;jpg;jpeg;jpe;resx;tiff;tif;png;wav;mfcribbon-ms</Extensions>
    </Filter>
  </ItemGroup>
  <ItemGroup>
    <None Include="OGLEngineInjectorDLL.def">
      <Filter>Source Files</Filter>
    </None>
  </ItemGroup>
  <ItemGroup>
    <ClCompile Include="injectmain.cpp">
      <Filter>Source Files</Filter>
    </ClCompile>
    <ClCompile Include="..\TestOGLInjectorDLL\memorydc.cpp">
      <Filter>Source Files</Filter>
    </ClCompile>
    <ClCompile Include="rendererthread.cpp">
      <Filter>Source Files</Filter>
    </ClCompile>
    <ClCompile Include="iconshook.cpp">
      <Filter>Source Files</Filter>
    </ClCompile>
    <ClCompile Include="wallpaperhook.cpp">
      <Filter>Source Files</Filter>
    </ClCompile>
    <ClCompile Include="injectedenginerunner.cpp">
      <Filter>Source Files</Filter>
    </ClCompile>
    <ClCompile Include="windowhooker.cpp">
      <Filter>Source Files</Filter>
    </ClCompile>
    <ClCompile Include="drawhookbase.cpp">
      <Filter>Source Files</Filter>
    </ClCompile>
    <ClCompile Include="utils.cpp">
      <Filter>Source Files</Filter>
    </ClCompile>
  </ItemGroup>
  <ItemGroup>
    <ClInclude Include="..\TestOGLInjectorDLL\memorydc.h">
      <Filter>Header Files</Filter>
    </ClInclude>
    <ClInclude Include="rendererthread.h">
      <Filter>Header Files</Filter>
    </ClInclude>
    <ClInclude Include="iconshook.h">
      <Filter>Header Files</Filter>
    </ClInclude>
    <ClInclude Include="wallpaperhook.h">
      <Filter>Header Files</Filter>
    </ClInclude>
    <ClInclude Include="injectedenginerunner.h">
      <Filter>Header Files</Filter>
    </ClInclude>
    <ClInclude Include="windowhooker.h">
      <Filter>Header Files</Filter>
    </ClInclude>
    <ClInclude Include="drawhookbase.h">
      <Filter>Header Files</Filter>
    </ClInclude>
    <ClInclude Include="scopedoglcontext.h">
      <Filter>Header Files</Filter>
    </ClInclude>
    <ClInclude Include="utils.h">
      <Filter>Header Files</Filter>
    </ClInclude>
    <ClInclude Include="inc_ogl.h">
      <Filter>Header Files</Filter>
    </ClInclude>
  </ItemGroup>
</Project>